{
  "version": 4,
  "terraform_version": "1.7.4",
  "serial": 19,
  "lineage": "2d372ec2-e783-f32c-fbeb-bb9af900513f",
  "outputs": {},
  "resources": [
    {
      "module": "module.nic",
      "mode": "data",
      "type": "azurerm_public_ip",
      "name": "panaat",
      "provider": "provider[\"registry.terraform.io/hashicorp/azurerm\"]",
      "instances": [
        {
          "index_key": "ni1",
          "schema_version": 0,
          "attributes": {
            "allocation_method": "Static",
            "ddos_protection_mode": "VirtualNetworkInherited",
            "ddos_protection_plan_id": null,
            "domain_name_label": "",
            "fqdn": "",
            "id": "/subscriptions/486916f4-59cf-42ae-b6b1-43b768221db3/resourceGroups/viratkholi1/providers/Microsoft.Network/publicIPAddresses/mypip1",
            "idle_timeout_in_minutes": 4,
            "ip_address": "51.136.160.30",
            "ip_tags": {},
            "ip_version": "IPv4",
            "location": "westeurope",
            "name": "mypip1",
            "resource_group_name": "viratkholi1",
            "reverse_fqdn": "",
            "sku": "Basic",
            "tags": {
              "environment": "Production"
            },
            "timeouts": null,
            "zones": []
          },
          "sensitive_attributes": []
        },
        {
          "index_key": "ni2",
          "schema_version": 0,
          "attributes": {
            "allocation_method": "Static",
            "ddos_protection_mode": "VirtualNetworkInherited",
            "ddos_protection_plan_id": null,
            "domain_name_label": "",
            "fqdn": "",
            "id": "/subscriptions/486916f4-59cf-42ae-b6b1-43b768221db3/resourceGroups/viratkholi1/providers/Microsoft.Network/publicIPAddresses/mypip2",
            "idle_timeout_in_minutes": 4,
            "ip_address": "52.136.214.50",
            "ip_tags": {},
            "ip_version": "IPv4",
            "location": "westeurope",
            "name": "mypip2",
            "resource_group_name": "viratkholi1",
            "reverse_fqdn": "",
            "sku": "Basic",
            "tags": {
              "environment": "Production"
            },
            "timeouts": null,
            "zones": []
          },
          "sensitive_attributes": []
        }
      ]
    },
    {
      "module": "module.nic",
      "mode": "data",
      "type": "azurerm_subnet",
      "name": "example",
      "provider": "provider[\"registry.terraform.io/hashicorp/azurerm\"]",
      "instances": [
        {
          "index_key": "ni1",
          "schema_version": 0,
          "attributes": {
            "address_prefix": "10.0.1.0/24",
            "address_prefixes": [
              "10.0.1.0/24"
            ],
            "enforce_private_link_endpoint_network_policies": false,
            "enforce_private_link_service_network_policies": false,
            "id": "/subscriptions/486916f4-59cf-42ae-b6b1-43b768221db3/resourceGroups/viratkholi1/providers/Microsoft.Network/virtualNetworks/myvnet-network/subnets/mysubnet1",
            "name": "mysubnet1",
            "network_security_group_id": "",
            "private_endpoint_network_policies_enabled": true,
            "private_link_service_network_policies_enabled": true,
            "resource_group_name": "viratkholi1",
            "route_table_id": "",
            "service_endpoints": [],
            "timeouts": null,
            "virtual_network_name": "myvnet-network"
          },
          "sensitive_attributes": []
        },
        {
          "index_key": "ni2",
          "schema_version": 0,
          "attributes": {
            "address_prefix": "10.0.2.0/24",
            "address_prefixes": [
              "10.0.2.0/24"
            ],
            "enforce_private_link_endpoint_network_policies": false,
            "enforce_private_link_service_network_policies": false,
            "id": "/subscriptions/486916f4-59cf-42ae-b6b1-43b768221db3/resourceGroups/viratkholi1/providers/Microsoft.Network/virtualNetworks/myvnet-network/subnets/mysubnet2",
            "name": "mysubnet2",
            "network_security_group_id": "",
            "private_endpoint_network_policies_enabled": true,
            "private_link_service_network_policies_enabled": true,
            "resource_group_name": "viratkholi1",
            "route_table_id": "",
            "service_endpoints": [],
            "timeouts": null,
            "virtual_network_name": "myvnet-network"
          },
          "sensitive_attributes": []
        }
      ]
    },
    {
      "module": "module.nic",
      "mode": "managed",
      "type": "azurerm_network_interface",
      "name": "example",
      "provider": "provider[\"registry.terraform.io/hashicorp/azurerm\"]",
      "instances": [
        {
          "index_key": "ni1",
          "schema_version": 0,
          "attributes": {
            "applied_dns_servers": [],
            "auxiliary_mode": "",
            "auxiliary_sku": "",
            "dns_servers": [],
            "edge_zone": "",
            "enable_accelerated_networking": false,
            "enable_ip_forwarding": false,
            "id": "/subscriptions/486916f4-59cf-42ae-b6b1-43b768221db3/resourceGroups/viratkholi1/providers/Microsoft.Network/networkInterfaces/mynic1",
            "internal_dns_name_label": "",
            "internal_domain_name_suffix": "ngrenvsif3jelb1bfhn4m145pb.ax.internal.cloudapp.net",
            "ip_configuration": [
              {
                "gateway_load_balancer_frontend_ip_configuration_id": "",
                "name": "internal",
                "primary": true,
                "private_ip_address": "10.0.1.4",
                "private_ip_address_allocation": "Dynamic",
                "private_ip_address_version": "IPv4",
                "public_ip_address_id": "/subscriptions/486916f4-59cf-42ae-b6b1-43b768221db3/resourceGroups/viratkholi1/providers/Microsoft.Network/publicIPAddresses/mypip1",
                "subnet_id": "/subscriptions/486916f4-59cf-42ae-b6b1-43b768221db3/resourceGroups/viratkholi1/providers/Microsoft.Network/virtualNetworks/myvnet-network/subnets/mysubnet1"
              }
            ],
            "location": "westeurope",
            "mac_address": "",
            "name": "mynic1",
            "private_ip_address": "10.0.1.4",
            "private_ip_addresses": [
              "10.0.1.4"
            ],
            "resource_group_name": "viratkholi1",
            "tags": null,
            "timeouts": null,
            "virtual_machine_id": ""
          },
          "sensitive_attributes": [],
          "private": "eyJlMmJmYjczMC1lY2FhLTExZTYtOGY4OC0zNDM2M2JjN2M0YzAiOnsiY3JlYXRlIjoxODAwMDAwMDAwMDAwLCJkZWxldGUiOjE4MDAwMDAwMDAwMDAsInJlYWQiOjMwMDAwMDAwMDAwMCwidXBkYXRlIjoxODAwMDAwMDAwMDAwfX0=",
          "dependencies": [
            "module.nic.data.azurerm_public_ip.panaat",
            "module.nic.data.azurerm_subnet.example"
          ]
        },
        {
          "index_key": "ni2",
          "schema_version": 0,
          "attributes": {
            "applied_dns_servers": [],
            "auxiliary_mode": "",
            "auxiliary_sku": "",
            "dns_servers": [],
            "edge_zone": "",
            "enable_accelerated_networking": false,
            "enable_ip_forwarding": false,
            "id": "/subscriptions/486916f4-59cf-42ae-b6b1-43b768221db3/resourceGroups/viratkholi1/providers/Microsoft.Network/networkInterfaces/mynic2",
            "internal_dns_name_label": "",
            "internal_domain_name_suffix": "ngrenvsif3jelb1bfhn4m145pb.ax.internal.cloudapp.net",
            "ip_configuration": [
              {
                "gateway_load_balancer_frontend_ip_configuration_id": "",
                "name": "internal",
                "primary": true,
                "private_ip_address": "10.0.2.4",
                "private_ip_address_allocation": "Dynamic",
                "private_ip_address_version": "IPv4",
                "public_ip_address_id": "/subscriptions/486916f4-59cf-42ae-b6b1-43b768221db3/resourceGroups/viratkholi1/providers/Microsoft.Network/publicIPAddresses/mypip2",
                "subnet_id": "/subscriptions/486916f4-59cf-42ae-b6b1-43b768221db3/resourceGroups/viratkholi1/providers/Microsoft.Network/virtualNetworks/myvnet-network/subnets/mysubnet2"
              }
            ],
            "location": "westeurope",
            "mac_address": "",
            "name": "mynic2",
            "private_ip_address": "10.0.2.4",
            "private_ip_addresses": [
              "10.0.2.4"
            ],
            "resource_group_name": "viratkholi1",
            "tags": null,
            "timeouts": null,
            "virtual_machine_id": ""
          },
          "sensitive_attributes": [],
          "private": "eyJlMmJmYjczMC1lY2FhLTExZTYtOGY4OC0zNDM2M2JjN2M0YzAiOnsiY3JlYXRlIjoxODAwMDAwMDAwMDAwLCJkZWxldGUiOjE4MDAwMDAwMDAwMDAsInJlYWQiOjMwMDAwMDAwMDAwMCwidXBkYXRlIjoxODAwMDAwMDAwMDAwfX0=",
          "dependencies": [
            "module.nic.data.azurerm_public_ip.panaat",
            "module.nic.data.azurerm_subnet.example"
          ]
        }
      ]
    },
    {
      "module": "module.pubicip",
      "mode": "managed",
      "type": "azurerm_public_ip",
      "name": "pipa",
      "provider": "provider[\"registry.terraform.io/hashicorp/azurerm\"]",
      "instances": [
        {
          "index_key": "p1",
          "schema_version": 0,
          "attributes": {
            "allocation_method": "Static",
            "ddos_protection_mode": "VirtualNetworkInherited",
            "ddos_protection_plan_id": null,
            "domain_name_label": null,
            "edge_zone": "",
            "fqdn": null,
            "id": "/subscriptions/486916f4-59cf-42ae-b6b1-43b768221db3/resourceGroups/viratkholi1/providers/Microsoft.Network/publicIPAddresses/mypip1",
            "idle_timeout_in_minutes": 4,
            "ip_address": "51.136.160.30",
            "ip_tags": {},
            "ip_version": "IPv4",
            "location": "westeurope",
            "name": "mypip1",
            "public_ip_prefix_id": null,
            "resource_group_name": "viratkholi1",
            "reverse_fqdn": null,
            "sku": "Basic",
            "sku_tier": "Regional",
            "tags": {
              "environment": "Production"
            },
            "timeouts": null,
            "zones": []
          },
          "sensitive_attributes": [],
          "private": "eyJlMmJmYjczMC1lY2FhLTExZTYtOGY4OC0zNDM2M2JjN2M0YzAiOnsiY3JlYXRlIjoxODAwMDAwMDAwMDAwLCJkZWxldGUiOjE4MDAwMDAwMDAwMDAsInJlYWQiOjMwMDAwMDAwMDAwMCwidXBkYXRlIjoxODAwMDAwMDAwMDAwfX0="
        },
        {
          "index_key": "p2",
          "schema_version": 0,
          "attributes": {
            "allocation_method": "Static",
            "ddos_protection_mode": "VirtualNetworkInherited",
            "ddos_protection_plan_id": null,
            "domain_name_label": null,
            "edge_zone": "",
            "fqdn": null,
            "id": "/subscriptions/486916f4-59cf-42ae-b6b1-43b768221db3/resourceGroups/viratkholi1/providers/Microsoft.Network/publicIPAddresses/mypip2",
            "idle_timeout_in_minutes": 4,
            "ip_address": "52.136.214.50",
            "ip_tags": {},
            "ip_version": "IPv4",
            "location": "westeurope",
            "name": "mypip2",
            "public_ip_prefix_id": null,
            "resource_group_name": "viratkholi1",
            "reverse_fqdn": null,
            "sku": "Basic",
            "sku_tier": "Regional",
            "tags": {
              "environment": "Production"
            },
            "timeouts": null,
            "zones": []
          },
          "sensitive_attributes": [],
          "private": "eyJlMmJmYjczMC1lY2FhLTExZTYtOGY4OC0zNDM2M2JjN2M0YzAiOnsiY3JlYXRlIjoxODAwMDAwMDAwMDAwLCJkZWxldGUiOjE4MDAwMDAwMDAwMDAsInJlYWQiOjMwMDAwMDAwMDAwMCwidXBkYXRlIjoxODAwMDAwMDAwMDAwfX0="
        }
      ]
    },
    {
      "module": "module.rg",
      "mode": "managed",
      "type": "azurerm_resource_group",
      "name": "myrgnew",
      "provider": "provider[\"registry.terraform.io/hashicorp/azurerm\"]",
      "instances": [
        {
          "index_key": "r1",
          "schema_version": 0,
          "attributes": {
            "id": "/subscriptions/486916f4-59cf-42ae-b6b1-43b768221db3/resourceGroups/viratkholi1",
            "location": "westeurope",
            "managed_by": "",
            "name": "viratkholi1",
            "tags": {},
            "timeouts": null
          },
          "sensitive_attributes": [],
          "private": "eyJlMmJmYjczMC1lY2FhLTExZTYtOGY4OC0zNDM2M2JjN2M0YzAiOnsiY3JlYXRlIjo1NDAwMDAwMDAwMDAwLCJkZWxldGUiOjU0MDAwMDAwMDAwMDAsInJlYWQiOjMwMDAwMDAwMDAwMCwidXBkYXRlIjo1NDAwMDAwMDAwMDAwfX0="
        },
        {
          "index_key": "r2",
          "schema_version": 0,
          "attributes": {
            "id": "/subscriptions/486916f4-59cf-42ae-b6b1-43b768221db3/resourceGroups/viratkholi2",
            "location": "westeurope",
            "managed_by": "",
            "name": "viratkholi2",
            "tags": {},
            "timeouts": null
          },
          "sensitive_attributes": [],
          "private": "eyJlMmJmYjczMC1lY2FhLTExZTYtOGY4OC0zNDM2M2JjN2M0YzAiOnsiY3JlYXRlIjo1NDAwMDAwMDAwMDAwLCJkZWxldGUiOjU0MDAwMDAwMDAwMDAsInJlYWQiOjMwMDAwMDAwMDAwMCwidXBkYXRlIjo1NDAwMDAwMDAwMDAwfX0="
        }
      ]
    },
    {
      "module": "module.subnet",
      "mode": "managed",
      "type": "azurerm_subnet",
      "name": "example",
      "provider": "provider[\"registry.terraform.io/hashicorp/azurerm\"]",
      "instances": [
        {
          "index_key": "s1",
          "schema_version": 0,
          "attributes": {
            "address_prefixes": [
              "10.0.1.0/24"
            ],
            "delegation": [],
            "enforce_private_link_endpoint_network_policies": false,
            "enforce_private_link_service_network_policies": false,
            "id": "/subscriptions/486916f4-59cf-42ae-b6b1-43b768221db3/resourceGroups/viratkholi1/providers/Microsoft.Network/virtualNetworks/myvnet-network/subnets/mysubnet1",
            "name": "mysubnet1",
            "private_endpoint_network_policies_enabled": true,
            "private_link_service_network_policies_enabled": true,
            "resource_group_name": "viratkholi1",
            "service_endpoint_policy_ids": [],
            "service_endpoints": [],
            "timeouts": null,
            "virtual_network_name": "myvnet-network"
          },
          "sensitive_attributes": [],
          "private": "eyJlMmJmYjczMC1lY2FhLTExZTYtOGY4OC0zNDM2M2JjN2M0YzAiOnsiY3JlYXRlIjoxODAwMDAwMDAwMDAwLCJkZWxldGUiOjE4MDAwMDAwMDAwMDAsInJlYWQiOjMwMDAwMDAwMDAwMCwidXBkYXRlIjoxODAwMDAwMDAwMDAwfX0="
        },
        {
          "index_key": "s2",
          "schema_version": 0,
          "attributes": {
            "address_prefixes": [
              "10.0.2.0/24"
            ],
            "delegation": [],
            "enforce_private_link_endpoint_network_policies": false,
            "enforce_private_link_service_network_policies": false,
            "id": "/subscriptions/486916f4-59cf-42ae-b6b1-43b768221db3/resourceGroups/viratkholi1/providers/Microsoft.Network/virtualNetworks/myvnet-network/subnets/mysubnet2",
            "name": "mysubnet2",
            "private_endpoint_network_policies_enabled": true,
            "private_link_service_network_policies_enabled": true,
            "resource_group_name": "viratkholi1",
            "service_endpoint_policy_ids": [],
            "service_endpoints": [],
            "timeouts": null,
            "virtual_network_name": "myvnet-network"
          },
          "sensitive_attributes": [],
          "private": "eyJlMmJmYjczMC1lY2FhLTExZTYtOGY4OC0zNDM2M2JjN2M0YzAiOnsiY3JlYXRlIjoxODAwMDAwMDAwMDAwLCJkZWxldGUiOjE4MDAwMDAwMDAwMDAsInJlYWQiOjMwMDAwMDAwMDAwMCwidXBkYXRlIjoxODAwMDAwMDAwMDAwfX0="
        }
      ]
    },
    {
      "module": "module.vnet",
      "mode": "managed",
      "type": "azurerm_virtual_network",
      "name": "vnet",
      "provider": "provider[\"registry.terraform.io/hashicorp/azurerm\"]",
      "instances": [
        {
          "index_key": "vn1",
          "schema_version": 0,
          "attributes": {
            "address_space": [
              "10.0.0.0/16"
            ],
            "bgp_community": "",
            "ddos_protection_plan": [],
            "dns_servers": [
              "10.0.0.4",
              "10.0.0.5"
            ],
            "edge_zone": "",
            "encryption": [],
            "flow_timeout_in_minutes": 0,
            "guid": "d646a269-2f48-4552-8761-29dbe66fdf79",
            "id": "/subscriptions/486916f4-59cf-42ae-b6b1-43b768221db3/resourceGroups/viratkholi1/providers/Microsoft.Network/virtualNetworks/myvnet-network",
            "location": "westeurope",
            "name": "myvnet-network",
            "resource_group_name": "viratkholi1",
            "subnet": [
              {
                "address_prefix": "10.0.1.0/24",
                "id": "/subscriptions/486916f4-59cf-42ae-b6b1-43b768221db3/resourceGroups/viratkholi1/providers/Microsoft.Network/virtualNetworks/myvnet-network/subnets/mysubnet1",
                "name": "mysubnet1",
                "security_group": ""
              },
              {
                "address_prefix": "10.0.2.0/24",
                "id": "/subscriptions/486916f4-59cf-42ae-b6b1-43b768221db3/resourceGroups/viratkholi1/providers/Microsoft.Network/virtualNetworks/myvnet-network/subnets/mysubnet2",
                "name": "mysubnet2",
                "security_group": ""
              }
            ],
            "tags": {},
            "timeouts": null
          },
          "sensitive_attributes": [],
          "private": "eyJlMmJmYjczMC1lY2FhLTExZTYtOGY4OC0zNDM2M2JjN2M0YzAiOnsiY3JlYXRlIjoxODAwMDAwMDAwMDAwLCJkZWxldGUiOjE4MDAwMDAwMDAwMDAsInJlYWQiOjMwMDAwMDAwMDAwMCwidXBkYXRlIjoxODAwMDAwMDAwMDAwfX0="
        }
      ]
    }
  ],
  "check_results": null
}
