{
  "version": 4,
  "terraform_version": "1.7.4",
  "serial": 1,
  "lineage": "603555ce-66dd-e805-a644-fd72847add0e",
  "outputs": {},
  "resources": [
    {
      "module": "module.RG",
      "mode": "managed",
      "type": "azurerm_resource_group",
      "name": "tommy",
      "provider": "provider[\"registry.terraform.io/hashicorp/azurerm\"]",
      "instances": [
        {
          "index_key": "r1",
          "schema_version": 0,
          "attributes": {
            "id": "/subscriptions/01544543-5db1-4705-a4f1-496bf7394e92/resourceGroups/badal",
            "location": "westeurope",
            "managed_by": "",
            "name": "badal",
            "tags": null,
            "timeouts": null
          },
          "sensitive_attributes": [],
          "private": "eyJlMmJmYjczMC1lY2FhLTExZTYtOGY4OC0zNDM2M2JjN2M0YzAiOnsiY3JlYXRlIjo1NDAwMDAwMDAwMDAwLCJkZWxldGUiOjU0MDAwMDAwMDAwMDAsInJlYWQiOjMwMDAwMDAwMDAwMCwidXBkYXRlIjo1NDAwMDAwMDAwMDAwfX0="
        }
      ]
    }
  ],
  "check_results": null
}
